
Microsoft Visual Studio Solution File, Format Version 12.00
# Visual Studio Version 17
VisualStudioVersion = 17.6.33829.357
MinimumVisualStudioVersion = 10.0.40219.1
Project("{9A19103F-16F7-4668-BE54-9A1E7A4F7556}") = "FilmesAPI", "FilmesAPI\FilmesAPI.csproj", "{D60BBA23-BA7E-4421-8D4D-F90428689DCA}"
EndProject
Project("{FAE04EC0-301F-11D3-BF4B-00C04F79EFBC}") = "FilmesAPI.Testes", "FilmesAPI.Testes\FilmesAPI.Testes.csproj", "{9933A772-CBC1-4C28-A6A0-CDFEA06F2CBD}"
EndProject
Global
	GlobalSection(SolutionConfigurationPlatforms) = preSolution
		Debug|Any CPU = Debug|Any CPU
		Release|Any CPU = Release|Any CPU
	EndGlobalSection
	GlobalSection(ProjectConfigurationPlatforms) = postSolution
		{D60BBA23-BA7E-4421-8D4D-F90428689DCA}.Debug|Any CPU.ActiveCfg = Debug|Any CPU
		{D60BBA23-BA7E-4421-8D4D-F90428689DCA}.Debug|Any CPU.Build.0 = Debug|Any CPU
		{D60BBA23-BA7E-4421-8D4D-F90428689DCA}.Release|Any CPU.ActiveCfg = Release|Any CPU
		{D60BBA23-BA7E-4421-8D4D-F90428689DCA}.Release|Any CPU.Build.0 = Release|Any CPU
		{9933A772-CBC1-4C28-A6A0-CDFEA06F2CBD}.Debug|Any CPU.ActiveCfg = Debug|Any CPU
		{9933A772-CBC1-4C28-A6A0-CDFEA06F2CBD}.Debug|Any CPU.Build.0 = Debug|Any CPU
		{9933A772-CBC1-4C28-A6A0-CDFEA06F2CBD}.Release|Any CPU.ActiveCfg = Release|Any CPU
		{9933A772-CBC1-4C28-A6A0-CDFEA06F2CBD}.Release|Any CPU.Build.0 = Release|Any CPU
	EndGlobalSection
	GlobalSection(SolutionProperties) = preSolution
		HideSolutionNode = FALSE
	EndGlobalSection
	GlobalSection(ExtensibilityGlobals) = postSolution
		SolutionGuid = {1F6B3C32-A2BA-44C5-821F-1FD2E609E65F}
	EndGlobalSection
EndGlobal
