
Microsoft Visual Studio Solution File, Format Version 12.00
# Visual Studio Version 17
VisualStudioVersion = 17.6.33829.357
MinimumVisualStudioVersion = 10.0.40219.1
Project("{9A19103F-16F7-4668-BE54-9A1E7A4F7556}") = "Alura.Estacionamento", "Alura.Estacionamento\Alura.Estacionamento.csproj", "{39515548-848C-4B37-93A8-8F64568153D9}"
EndProject
Project("{FAE04EC0-301F-11D3-BF4B-00C04F79EFBC}") = "AluraEstacionamento.Testes", "AluraEstacionamento.Testes\AluraEstacionamento.Testes.csproj", "{4C250965-C473-47B6-BD3F-D79988730BF5}"
EndProject
Global
	GlobalSection(SolutionConfigurationPlatforms) = preSolution
		Debug|Any CPU = Debug|Any CPU
		Release|Any CPU = Release|Any CPU
	EndGlobalSection
	GlobalSection(ProjectConfigurationPlatforms) = postSolution
		{39515548-848C-4B37-93A8-8F64568153D9}.Debug|Any CPU.ActiveCfg = Debug|Any CPU
		{39515548-848C-4B37-93A8-8F64568153D9}.Debug|Any CPU.Build.0 = Debug|Any CPU
		{39515548-848C-4B37-93A8-8F64568153D9}.Release|Any CPU.ActiveCfg = Release|Any CPU
		{39515548-848C-4B37-93A8-8F64568153D9}.Release|Any CPU.Build.0 = Release|Any CPU
		{4C250965-C473-47B6-BD3F-D79988730BF5}.Debug|Any CPU.ActiveCfg = Debug|Any CPU
		{4C250965-C473-47B6-BD3F-D79988730BF5}.Debug|Any CPU.Build.0 = Debug|Any CPU
		{4C250965-C473-47B6-BD3F-D79988730BF5}.Release|Any CPU.ActiveCfg = Release|Any CPU
		{4C250965-C473-47B6-BD3F-D79988730BF5}.Release|Any CPU.Build.0 = Release|Any CPU
	EndGlobalSection
	GlobalSection(SolutionProperties) = preSolution
		HideSolutionNode = FALSE
	EndGlobalSection
	GlobalSection(ExtensibilityGlobals) = postSolution
		SolutionGuid = {1747A0A2-4CBD-4E76-AD0B-35289A2C8A67}
	EndGlobalSection
EndGlobal
